// !$*UTF8*$!
{
	archiveVersion = 1;
	classes = {
	};
	objectVersion = 50;
	objects = {

/* Begin PBXBuildFile section */
		21639EF221BCD9E1007FC7E5 /* AppDelegate.swift in Sources */ = {isa = PBXBuildFile; fileRef = 21639EF121BCD9E1007FC7E5 /* AppDelegate.swift */; };
		21639EF421BCD9E1007FC7E5 /* art.scnassets in Resources */ = {isa = PBXBuildFile; fileRef = 21639EF321BCD9E1007FC7E5 /* art.scnassets */; };
		21639EF621BCD9E1007FC7E5 /* ViewController.swift in Sources */ = {isa = PBXBuildFile; fileRef = 21639EF521BCD9E1007FC7E5 /* ViewController.swift */; };
		21639EF921BCD9E1007FC7E5 /* Main.storyboard in Resources */ = {isa = PBXBuildFile; fileRef = 21639EF721BCD9E1007FC7E5 /* Main.storyboard */; };
		21639EFB21BCD9E1007FC7E5 /* Assets.xcassets in Resources */ = {isa = PBXBuildFile; fileRef = 21639EFA21BCD9E1007FC7E5 /* Assets.xcassets */; };
		21639EFE21BCD9E1007FC7E5 /* LaunchScreen.storyboard in Resources */ = {isa = PBXBuildFile; fileRef = 21639EFC21BCD9E1007FC7E5 /* LaunchScreen.storyboard */; };
/* End PBXBuildFile section */

/* Begin PBXFileReference section */
		21639EEE21BCD9E1007FC7E5 /* Beacon Magic.app */ = {isa = PBXFileReference; explicitFileType = wrapper.application; includeInIndex = 0; path = "Beacon Magic.app"; sourceTree = BUILT_PRODUCTS_DIR; };
		21639EF121BCD9E1007FC7E5 /* AppDelegate.swift */ = {isa = PBXFileReference; lastKnownFileType = sourcecode.swift; path = AppDelegate.swift; sourceTree = "<group>"; };
		21639EF321BCD9E1007FC7E5 /* art.scnassets */ = {isa = PBXFileReference; lastKnownFileType = wrapper.scnassets; path = art.scnassets; sourceTree = "<group>"; };
		21639EF521BCD9E1007FC7E5 /* ViewController.swift */ = {isa = PBXFileReference; lastKnownFileType = sourcecode.swift; path = ViewController.swift; sourceTree = "<group>"; };
		21639EF821BCD9E1007FC7E5 /* Base */ = {isa = PBXFileReference; lastKnownFileType = file.storyboard; name = Base; path = Base.lproj/Main.storyboard; sourceTree = "<group>"; };
		21639EFA21BCD9E1007FC7E5 /* Assets.xcassets */ = {isa = PBXFileReference; lastKnownFileType = folder.assetcatalog; path = Assets.xcassets; sourceTree = "<group>"; };
		21639EFD21BCD9E1007FC7E5 /* Base */ = {isa = PBXFileReference; lastKnownFileType = file.storyboard; name = Base; path = Base.lproj/LaunchScreen.storyboard; sourceTree = "<group>"; };
		21639EFF21BCD9E1007FC7E5 /* Info.plist */ = {isa = PBXFileReference; lastKnownFileType = text.plist.xml; path = Info.plist; sourceTree = "<group>"; };
/* End PBXFileReference section */

/* Begin PBXFrameworksBuildPhase section */
		21639EEB21BCD9E1007FC7E5 /* Frameworks */ = {
			isa = PBXFrameworksBuildPhase;
			buildActionMask = 2147483647;
			files = (
			);
			runOnlyForDeploymentPostprocessing = 0;
		};
/* End PBXFrameworksBuildPhase section */

/* Begin PBXGroup section */
		21639EE521BCD9E0007FC7E5 = {
			isa = PBXGroup;
			children = (
				21639EF021BCD9E1007FC7E5 /* Beacon Magic */,
				21639EEF21BCD9E1007FC7E5 /* Products */,
			);
			sourceTree = "<group>";
		};
		21639EEF21BCD9E1007FC7E5 /* Products */ = {
			isa = PBXGroup;
			children = (
				21639EEE21BCD9E1007FC7E5 /* Beacon Magic.app */,
			);
			name = Products;
			sourceTree = "<group>";
		};
		21639EF021BCD9E1007FC7E5 /* Beacon Magic */ = {
			isa = PBXGroup;
			children = (
				21639EF121BCD9E1007FC7E5 /* AppDelegate.swift */,
				21639EF321BCD9E1007FC7E5 /* art.scnassets */,
				21639EF521BCD9E1007FC7E5 /* ViewController.swift */,
				21639EF721BCD9E1007FC7E5 /* Main.storyboard */,
				21639EFA21BCD9E1007FC7E5 /* Assets.xcassets */,
				21639EFC21BCD9E1007FC7E5 /* LaunchScreen.storyboard */,
				21639EFF21BCD9E1007FC7E5 /* Info.plist */,
			);
			path = "Beacon Magic";
			sourceTree = "<group>";
		};
/* End PBXGroup section */

/* Begin PBXNativeTarget section */
		21639EED21BCD9E1007FC7E5 /* Beacon Magic */ = {
			isa = PBXNativeTarget;
			buildConfigurationList = 21639F0221BCD9E1007FC7E5 /* Build configuration list for PBXNativeTarget "Beacon Magic" */;
			buildPhases = (
				21639EEA21BCD9E1007FC7E5 /* Sources */,
				21639EEB21BCD9E1007FC7E5 /* Frameworks */,
				21639EEC21BCD9E1007FC7E5 /* Resources */,
			);
			buildRules = (
			);
			dependencies = (
			);
			name = "Beacon Magic";
			productName = "Beacon Magic";
			productReference = 21639EEE21BCD9E1007FC7E5 /* Beacon Magic.app */;
			productType = "com.apple.product-type.application";
		};
/* End PBXNativeTarget section */

/* Begin PBXProject section */
		21639EE621BCD9E0007FC7E5 /* Project object */ = {
			isa = PBXProject;
			attributes = {
				LastSwiftUpdateCheck = 1010;
				LastUpgradeCheck = 1010;
				ORGANIZATIONNAME = Sandeep;
				TargetAttributes = {
					21639EED21BCD9E1007FC7E5 = {
						CreatedOnToolsVersion = 10.1;
					};
				};
			};
			buildConfigurationList = 21639EE921BCD9E0007FC7E5 /* Build configuration list for PBXProject "Beacon Magic" */;
			compatibilityVersion = "Xcode 9.3";
			developmentRegion = en;
			hasScannedForEncodings = 0;
			knownRegions = (
				en,
				Base,
			);
			mainGroup = 21639EE521BCD9E0007FC7E5;
			productRefGroup = 21639EEF21BCD9E1007FC7E5 /* Products */;
			projectDirPath = "";
			projectRoot = "";
			targets = (
				21639EED21BCD9E1007FC7E5 /* Beacon Magic */,
			);
		};
/* End PBXProject section */

/* Begin PBXResourcesBuildPhase section */
		21639EEC21BCD9E1007FC7E5 /* Resources */ = {
			isa = PBXResourcesBuildPhase;
			buildActionMask = 2147483647;
			files = (
				21639EF421BCD9E1007FC7E5 /* art.scnassets in Resources */,
				21639EFE21BCD9E1007FC7E5 /* LaunchScreen.storyboard in Resources */,
				21639EFB21BCD9E1007FC7E5 /* Assets.xcassets in Resources */,
				21639EF921BCD9E1007FC7E5 /* Main.storyboard in Resources */,
			);
			runOnlyForDeploymentPostprocessing = 0;
		};
/* End PBXResourcesBuildPhase section */

/* Begin PBXSourcesBuildPhase section */
		21639EEA21BCD9E1007FC7E5 /* Sources */ = {
			isa = PBXSourcesBuildPhase;
			buildActionMask = 2147483647;
			files = (
				21639EF621BCD9E1007FC7E5 /* ViewController.swift in Sources */,
				21639EF221BCD9E1007FC7E5 /* AppDelegate.swift in Sources */,
			);
			runOnlyForDeploymentPostprocessing = 0;
		};
/* End PBXSourcesBuildPhase section */

/* Begin PBXVariantGroup section */
		21639EF721BCD9E1007FC7E5 /* Main.storyboard */ = {
			isa = PBXVariantGroup;
			children = (
				21639EF821BCD9E1007FC7E5 /* Base */,
			);
			name = Main.storyboard;
			sourceTree = "<group>";
		};
		21639EFC21BCD9E1007FC7E5 /* LaunchScreen.storyboard */ = {
			isa = PBXVariantGroup;
			children = (
				21639EFD21BCD9E1007FC7E5 /* Base */,
			);
			name = LaunchScreen.storyboard;
			sourceTree = "<group>";
		};
/* End PBXVariantGroup section */

/* Begin XCBuildConfiguration section */
		21639F0021BCD9E1007FC7E5 /* Debug */ = {
			isa = XCBuildConfiguration;
			buildSettings = {
				ALWAYS_SEARCH_USER_PATHS = NO;
				CLANG_ANALYZER_NONNULL = YES;
				CLANG_ANALYZER_NUMBER_OBJECT_CONVERSION = YES_AGGRESSIVE;
				CLANG_CXX_LANGUAGE_STANDARD = "gnu++14";
				CLANG_CXX_LIBRARY = "libc++";
				CLANG_ENABLE_MODULES = YES;
				CLANG_ENABLE_OBJC_ARC = YES;
				CLANG_ENABLE_OBJC_WEAK = YES;
				CLANG_WARN_BLOCK_CAPTURE_AUTORELEASING = YES;
				CLANG_WARN_BOOL_CONVERSION = YES;
				CLANG_WARN_COMMA = YES;
				CLANG_WARN_CONSTANT_CONVERSION = YES;
				CLANG_WARN_DEPRECATED_OBJC_IMPLEMENTATIONS = YES;
				CLANG_WARN_DIRECT_OBJC_ISA_USAGE = YES_ERROR;
				CLANG_WARN_DOCUMENTATION_COMMENTS = YES;
				CLANG_WARN_EMPTY_BODY = YES;
				CLANG_WARN_ENUM_CONVERSION = YES;
				CLANG_WARN_INFINITE_RECURSION = YES;
				CLANG_WARN_INT_CONVERSION = YES;
				CLANG_WARN_NON_LITERAL_NULL_CONVERSION = YES;
				CLANG_WARN_OBJC_IMPLICIT_RETAIN_SELF = YES;
				CLANG_WARN_OBJC_LITERAL_CONVERSION = YES;
				CLANG_WARN_OBJC_ROOT_CLASS = YES_ERROR;
				CLANG_WARN_RANGE_LOOP_ANALYSIS = YES;
				CLANG_WARN_STRICT_PROTOTYPES = YES;
				CLANG_WARN_SUSPICIOUS_MOVE = YES;
				CLANG_WARN_UNGUARDED_AVAILABILITY = YES_AGGRESSIVE;
				CLANG_WARN_UNREACHABLE_CODE = YES;
				CLANG_WARN__DUPLICATE_METHOD_MATCH = YES;
				CODE_SIGN_IDENTITY = "iPhone Developer";
				COPY_PHASE_STRIP = NO;
				DEBUG_INFORMATION_FORMAT = dwarf;
				ENABLE_STRICT_OBJC_MSGSEND = YES;
				ENABLE_TESTABILITY = YES;
				GCC_C_LANGUAGE_STANDARD = gnu11;
				GCC_DYNAMIC_NO_PIC = NO;
				GCC_NO_COMMON_BLOCKS = YES;
				GCC_OPTIMIZATION_LEVEL = 0;
				GCC_PREPROCESSOR_DEFINITIONS = (
					"DEBUG=1",
					"$(inherited)",
				);
				GCC_WARN_64_TO_32_BIT_CONVERSION = YES;
				GCC_WARN_ABOUT_RETURN_TYPE = YES_ERROR;
				GCC_WARN_UNDECLARED_SELECTOR = YES;
				GCC_WARN_UNINITIALIZED_AUTOS = YES_AGGRESSIVE;
				GCC_WARN_UNUSED_FUNCTION = YES;
				GCC_WARN_UNUSED_VARIABLE = YES;
				IPHONEOS_DEPLOYMENT_TARGET = 12.1;
				MTL_ENABLE_DEBUG_INFO = INCLUDE_SOURCE;
				MTL_FAST_MATH = YES;
				ONLY_ACTIVE_ARCH = YES;
				SDKROOT = iphoneos;
				SWIFT_ACTIVE_COMPILATION_CONDITIONS = DEBUG;
				SWIFT_OPTIMIZATION_LEVEL = "-Onone";
			};
			name = Debug;
		};
		21639F0121BCD9E1007FC7E5 /* Release */ = {
			isa = XCBuildConfiguration;
			buildSettings = {
				ALWAYS_SEARCH_USER_PATHS = NO;
				CLANG_ANALYZER_NONNULL = YES;
				CLANG_ANALYZER_NUMBER_OBJECT_CONVERSION = YES_AGGRESSIVE;
				CLANG_CXX_LANGUAGE_STANDARD = "gnu++14";
				CLANG_CXX_LIBRARY = "libc++";
				CLANG_ENABLE_MODULES = YES;
				CLANG_ENABLE_OBJC_ARC = YES;
				CLANG_ENABLE_OBJC_WEAK = YES;
				CLANG_WARN_BLOCK_CAPTURE_AUTORELEASING = YES;
				CLANG_WARN_BOOL_CONVERSION = YES;
				CLANG_WARN_COMMA = YES;
				CLANG_WARN_CONSTANT_CONVERSION = YES;
				CLANG_WARN_DEPRECATED_OBJC_IMPLEMENTATIONS = YES;
				CLANG_WARN_DIRECT_OBJC_ISA_USAGE = YES_ERROR;
				CLANG_WARN_DOCUMENTATION_COMMENTS = YES;
				CLANG_WARN_EMPTY_BODY = YES;
				CLANG_WARN_ENUM_CONVERSION = YES;
				CLANG_WARN_INFINITE_RECURSION = YES;
				CLANG_WARN_INT_CONVERSION = YES;
				CLANG_WARN_NON_LITERAL_NULL_CONVERSION = YES;
				CLANG_WARN_OBJC_IMPLICIT_RETAIN_SELF = YES;
				CLANG_WARN_OBJC_LITERAL_CONVERSION = YES;
				CLANG_WARN_OBJC_ROOT_CLASS = YES_ERROR;
				CLANG_WARN_RANGE_LOOP_ANALYSIS = YES;
				CLANG_WARN_STRICT_PROTOTYPES = YES;
				CLANG_WARN_SUSPICIOUS_MOVE = YES;
				CLANG_WARN_UNGUARDED_AVAILABILITY = YES_AGGRESSIVE;
				CLANG_WARN_UNREACHABLE_CODE = YES;
				CLANG_WARN__DUPLICATE_METHOD_MATCH = YES;
				CODE_SIGN_IDENTITY = "iPhone Developer";
				COPY_PHASE_STRIP = NO;
				DEBUG_INFORMATION_FORMAT = "dwarf-with-dsym";
				ENABLE_NS_ASSERTIONS = NO;
				ENABLE_STRICT_OBJC_MSGSEND = YES;
				GCC_C_LANGUAGE_STANDARD = gnu11;
				GCC_NO_COMMON_BLOCKS = YES;
				GCC_WARN_64_TO_32_BIT_CONVERSION = YES;
				GCC_WARN_ABOUT_RETURN_TYPE = YES_ERROR;
				GCC_WARN_UNDECLARED_SELECTOR = YES;
				GCC_WARN_UNINITIALIZED_AUTOS = YES_AGGRESSIVE;
				GCC_WARN_UNUSED_FUNCTION = YES;
				GCC_WARN_UNUSED_VARIABLE = YES;
				IPHONEOS_DEPLOYMENT_TARGET = 12.1;
				MTL_ENABLE_DEBUG_INFO = NO;
				MTL_FAST_MATH = YES;
				SDKROOT = iphoneos;
				SWIFT_COMPILATION_MODE = wholemodule;
				SWIFT_OPTIMIZATION_LEVEL = "-O";
				VALIDATE_PRODUCT = YES;
			};
			name = Release;
		};
		21639F0321BCD9E1007FC7E5 /* Debug */ = {
			isa = XCBuildConfiguration;
			buildSettings = {
				ASSETCATALOG_COMPILER_APPICON_NAME = AppIcon;
				CODE_SIGN_STYLE = Automatic;
				DEVELOPMENT_TEAM = QY22E7K8BB;
				INFOPLIST_FILE = "Beacon Magic/Info.plist";
				LD_RUNPATH_SEARCH_PATHS = (
					"$(inherited)",
					"@executable_path/Frameworks",
				);
				PRODUCT_BUNDLE_IDENTIFIER = "com.mask.magic.Beacon-Magic";
				PRODUCT_NAME = "$(TARGET_NAME)";
				SWIFT_VERSION = 4.2;
				TARGETED_DEVICE_FAMILY = "1,2";
			};
			name = Debug;
		};
		21639F0421BCD9E1007FC7E5 /* Release */ = {
			isa = XCBuildConfiguration;
			buildSettings = {
				ASSETCATALOG_COMPILER_APPICON_NAME = AppIcon;
				CODE_SIGN_STYLE = Automatic;
				DEVELOPMENT_TEAM = QY22E7K8BB;
				INFOPLIST_FILE = "Beacon Magic/Info.plist";
				LD_RUNPATH_SEARCH_PATHS = (
					"$(inherited)",
					"@executable_path/Frameworks",
				);
				PRODUCT_BUNDLE_IDENTIFIER = "com.mask.magic.Beacon-Magic";
				PRODUCT_NAME = "$(TARGET_NAME)";
				SWIFT_VERSION = 4.2;
				TARGETED_DEVICE_FAMILY = "1,2";
			};
			name = Release;
		};
/* End XCBuildConfiguration section */

/* Begin XCConfigurationList section */
		21639EE921BCD9E0007FC7E5 /* Build configuration list for PBXProject "Beacon Magic" */ = {
			isa = XCConfigurationList;
			buildConfigurations = (
				21639F0021BCD9E1007FC7E5 /* Debug */,
				21639F0121BCD9E1007FC7E5 /* Release */,
			);
			defaultConfigurationIsVisible = 0;
			defaultConfigurationName = Release;
		};
		21639F0221BCD9E1007FC7E5 /* Build configuration list for PBXNativeTarget "Beacon Magic" */ = {
			isa = XCConfigurationList;
			buildConfigurations = (
				21639F0321BCD9E1007FC7E5 /* Debug */,
				21639F0421BCD9E1007FC7E5 /* Release */,
			);
			defaultConfigurationIsVisible = 0;
			defaultConfigurationName = Release;
		};
/* End XCConfigurationList section */
	};
	rootObject = 21639EE621BCD9E0007FC7E5 /* Project object */;
}
